
Microsoft Visual Studio Solution File, Format Version 12.00
# Visual Studio 2012
Project("{FAE04EC0-301F-11D3-BF4B-00C04F79EFBC}") = "Steel", "Steel\Steel.csproj", "{7E9D94A2-8C25-4CCF-953D-1683FF66E5AA}"
EndProject
Global
	GlobalSection(SolutionConfigurationPlatforms) = preSolution
		Debug|Any CPU = Debug|Any CPU
		Release|Any CPU = Release|Any CPU
	EndGlobalSection
	GlobalSection(ProjectConfigurationPlatforms) = postSolution
		{7E9D94A2-8C25-4CCF-953D-1683FF66E5AA}.Debug|Any CPU.ActiveCfg = Debug|Any CPU
		{7E9D94A2-8C25-4CCF-953D-1683FF66E5AA}.Debug|Any CPU.Build.0 = Debug|Any CPU
		{7E9D94A2-8C25-4CCF-953D-1683FF66E5AA}.Release|Any CPU.ActiveCfg = Release|Any CPU
		{7E9D94A2-8C25-4CCF-953D-1683FF66E5AA}.Release|Any CPU.Build.0 = Release|Any CPU
	EndGlobalSection
	GlobalSection(SolutionProperties) = preSolution
		HideSolutionNode = FALSE
	EndGlobalSection
EndGlobal
